
Microsoft Visual Studio Solution File, Format Version 12.00
# Visual Studio Version 17
VisualStudioVersion = 17.0.32014.148
MinimumVisualStudioVersion = 10.0.40219.1
Project("{9A19103F-16F7-4668-BE54-9A1E7A4F7556}") = "TeUserManagement", "TeUserManagement.csproj", "{C482D787-E651-4F70-BB57-DC22F181E00E}"
EndProject
Project("{9A19103F-16F7-4668-BE54-9A1E7A4F7556}") = "TeUserManagement.Domain", "..\TeUserManagement.Domain\TeUserManagement.Domain.csproj", "{DEC58A70-1942-44DD-A462-A17DADA05886}"
EndProject
Project("{9A19103F-16F7-4668-BE54-9A1E7A4F7556}") = "TeUserManagement.Service", "..\TeUserManagement.Service\TeUserManagement.Service.csproj", "{B86F476E-66AB-491C-8F0F-F14A454A22D7}"
EndProject
Project("{FAE04EC0-301F-11D3-BF4B-00C04F79EFBC}") = "TeUserManagement.DataAccess", "..\TeUserManagement.DataAccess\TeUserManagement.DataAccess.csproj", "{739DCF3B-85DC-43B8-BFA9-5F12605CBBE8}"
EndProject
Global
	GlobalSection(SolutionConfigurationPlatforms) = preSolution
		Debug|Any CPU = Debug|Any CPU
		Release|Any CPU = Release|Any CPU
	EndGlobalSection
	GlobalSection(ProjectConfigurationPlatforms) = postSolution
		{C482D787-E651-4F70-BB57-DC22F181E00E}.Debug|Any CPU.ActiveCfg = Debug|Any CPU
		{C482D787-E651-4F70-BB57-DC22F181E00E}.Debug|Any CPU.Build.0 = Debug|Any CPU
		{C482D787-E651-4F70-BB57-DC22F181E00E}.Release|Any CPU.ActiveCfg = Release|Any CPU
		{C482D787-E651-4F70-BB57-DC22F181E00E}.Release|Any CPU.Build.0 = Release|Any CPU
		{DEC58A70-1942-44DD-A462-A17DADA05886}.Debug|Any CPU.ActiveCfg = Debug|Any CPU
		{DEC58A70-1942-44DD-A462-A17DADA05886}.Debug|Any CPU.Build.0 = Debug|Any CPU
		{DEC58A70-1942-44DD-A462-A17DADA05886}.Release|Any CPU.ActiveCfg = Release|Any CPU
		{DEC58A70-1942-44DD-A462-A17DADA05886}.Release|Any CPU.Build.0 = Release|Any CPU
		{B86F476E-66AB-491C-8F0F-F14A454A22D7}.Debug|Any CPU.ActiveCfg = Debug|Any CPU
		{B86F476E-66AB-491C-8F0F-F14A454A22D7}.Debug|Any CPU.Build.0 = Debug|Any CPU
		{B86F476E-66AB-491C-8F0F-F14A454A22D7}.Release|Any CPU.ActiveCfg = Release|Any CPU
		{B86F476E-66AB-491C-8F0F-F14A454A22D7}.Release|Any CPU.Build.0 = Release|Any CPU
		{739DCF3B-85DC-43B8-BFA9-5F12605CBBE8}.Debug|Any CPU.ActiveCfg = Debug|Any CPU
		{739DCF3B-85DC-43B8-BFA9-5F12605CBBE8}.Debug|Any CPU.Build.0 = Debug|Any CPU
		{739DCF3B-85DC-43B8-BFA9-5F12605CBBE8}.Release|Any CPU.ActiveCfg = Release|Any CPU
		{739DCF3B-85DC-43B8-BFA9-5F12605CBBE8}.Release|Any CPU.Build.0 = Release|Any CPU
	EndGlobalSection
	GlobalSection(SolutionProperties) = preSolution
		HideSolutionNode = FALSE
	EndGlobalSection
	GlobalSection(ExtensibilityGlobals) = postSolution
		SolutionGuid = {C28C7F93-B12F-4007-B29D-537DA813E5DC}
	EndGlobalSection
EndGlobal
